# This file is auto-generated by beamtalk. Do not edit manually.
# It pins exact versions of dependencies for reproducible builds.

[[package]]
name = "http"
url = "https://github.com/jamesc/beamtalk-http"
reference = "branch:main"
sha = "1f3a7a819740c2545f7a411e8d3d2fcb899eae40"

[[package]]
name = "yaml"
url = "https://github.com/jamesc/beamtalk-yaml"
reference = "branch:main"
sha = "ea402f0918442c5dd799d4e260eb85c3daa6835c"

[[native_package]]
name = "cowboy"
version = "2.14.2"
sha = ""

[[native_package]]
name = "cowlib"
version = "2.16.0"
sha = ""

[[native_package]]
name = "gun"
version = "2.1.0"
sha = ""

[[native_package]]
name = "ranch"
version = "2.2.0"
sha = ""

[[native_package]]
name = "yamerl"
version = "0.10.0"
sha = ""

