# This file is auto-generated by beamtalk. Do not edit manually.
# It pins exact versions of dependencies for reproducible builds.

[[package]]
name = "http"
url = "https://github.com/jamesc/beamtalk-http"
reference = "tag:v0.1.1"
sha = "0ed13ef0737075c1a995637e5034b61238e17bb2"

[[package]]
name = "yaml"
url = "https://github.com/jamesc/beamtalk-yaml"
reference = "tag:v0.1.0"
sha = "80f6c9c232d873463640153c4df8d3d974d2abb2"

[[native_package]]
name = "cowboy"
version = "2.14.2"
sha = ""

[[native_package]]
name = "cowlib"
version = "2.16.0"
sha = ""

[[native_package]]
name = "gun"
version = "2.2.0"
sha = ""

[[native_package]]
name = "ranch"
version = "2.2.0"
sha = ""

[[native_package]]
name = "yamerl"
version = "0.10.0"
sha = ""

