# This file is auto-generated by beamtalk. Do not edit manually.
# It pins exact versions of dependencies for reproducible builds.

[[package]]
name = "http"
url = "https://github.com/jamesc/beamtalk-http"
reference = "branch:main"
sha = "85ce207bb402fffb1cfc82d07d74450946348896"

[[package]]
name = "yaml"
url = "https://github.com/jamesc/beamtalk-yaml"
reference = "branch:main"
sha = "1d4343981d2cba1ca7ac0261796d670562dd5fec"

[[native_package]]
name = "cowboy"
version = "2.14.2"
sha = ""

[[native_package]]
name = "cowlib"
version = "2.16.0"
sha = ""

[[native_package]]
name = "gun"
version = "2.1.0"
sha = ""

[[native_package]]
name = "ranch"
version = "2.2.0"
sha = ""

[[native_package]]
name = "yamerl"
version = "0.10.0"
sha = ""

